
Microsoft Visual Studio Solution File, Format Version 12.00
# Visual Studio Version 16
VisualStudioVersion = 16.0.29009.5
MinimumVisualStudioVersion = 10.0.40219.1
Project("{9A19103F-16F7-4668-BE54-9A1E7A4F7556}") = "RechargeSharp", "RechargeSharp\RechargeSharp.csproj", "{8A41798B-8972-466B-BBDB-AB5A53EDD5E4}"
EndProject
Project("{FAE04EC0-301F-11D3-BF4B-00C04F79EFBC}") = "RechargeSharpTests", "RechargeSharpTests\RechargeSharpTests.csproj", "{5E0672E9-63E4-47EE-8A08-711B47A58FFD}"
EndProject
Global
	GlobalSection(SolutionConfigurationPlatforms) = preSolution
		Debug|Any CPU = Debug|Any CPU
		Release|Any CPU = Release|Any CPU
	EndGlobalSection
	GlobalSection(ProjectConfigurationPlatforms) = postSolution
		{8A41798B-8972-466B-BBDB-AB5A53EDD5E4}.Debug|Any CPU.ActiveCfg = Debug|Any CPU
		{8A41798B-8972-466B-BBDB-AB5A53EDD5E4}.Debug|Any CPU.Build.0 = Debug|Any CPU
		{8A41798B-8972-466B-BBDB-AB5A53EDD5E4}.Release|Any CPU.ActiveCfg = Release|Any CPU
		{8A41798B-8972-466B-BBDB-AB5A53EDD5E4}.Release|Any CPU.Build.0 = Release|Any CPU
		{5E0672E9-63E4-47EE-8A08-711B47A58FFD}.Debug|Any CPU.ActiveCfg = Debug|Any CPU
		{5E0672E9-63E4-47EE-8A08-711B47A58FFD}.Debug|Any CPU.Build.0 = Debug|Any CPU
		{5E0672E9-63E4-47EE-8A08-711B47A58FFD}.Release|Any CPU.ActiveCfg = Release|Any CPU
		{5E0672E9-63E4-47EE-8A08-711B47A58FFD}.Release|Any CPU.Build.0 = Release|Any CPU
	EndGlobalSection
	GlobalSection(SolutionProperties) = preSolution
		HideSolutionNode = FALSE
	EndGlobalSection
	GlobalSection(ExtensibilityGlobals) = postSolution
		SolutionGuid = {B38A3A08-77F4-4CA9-8417-3E4CFE84D20D}
	EndGlobalSection
EndGlobal
